
Microsoft Visual Studio Solution File, Format Version 12.00
# Visual Studio Version 17
VisualStudioVersion = 17.9.34723.18
MinimumVisualStudioVersion = 10.0.40219.1
Project("{FAE04EC0-301F-11D3-BF4B-00C04F79EFBC}") = "Flight.Api", "Flight.Api\Flight.Api.csproj", "{BE06A15D-25F8-4199-84E0-C27FA29D7B8F}"
EndProject
Project("{FAE04EC0-301F-11D3-BF4B-00C04F79EFBC}") = "Flight.Application", "Flight.Application\Flight.Application.csproj", "{A08CBB6F-3E08-4104-B646-7F0817231980}"
EndProject
Project("{FAE04EC0-301F-11D3-BF4B-00C04F79EFBC}") = "Flight.CrossCutting", "Flight.CrossCutting\Flight.CrossCutting.csproj", "{27134768-F962-4166-B423-5EFC78925735}"
EndProject
Project("{FAE04EC0-301F-11D3-BF4B-00C04F79EFBC}") = "Flight.Domain", "Flight.Domain\Flight.Domain.csproj", "{F3C51876-0FEE-4E21-ACEE-3E53BE806EF0}"
EndProject
Project("{FAE04EC0-301F-11D3-BF4B-00C04F79EFBC}") = "Flight.Domain.Core", "Flight.Domain.Core\Flight.Domain.Core.csproj", "{601AD577-D674-49D9-B6FF-744A887DB449}"
EndProject
Project("{FAE04EC0-301F-11D3-BF4B-00C04F79EFBC}") = "Flight.Infrastructure", "Flight.Infrastructure\Flight.Infrastructure.csproj", "{A7AFD6DB-905F-4CA4-8D0E-40DF5A31FB62}"
EndProject
Project("{FAE04EC0-301F-11D3-BF4B-00C04F79EFBC}") = "Flight.Util", "Flight.Util\Flight.Util.csproj", "{30B2BAED-D310-4A0B-A3A1-FE583149E07C}"
EndProject
Project("{FAE04EC0-301F-11D3-BF4B-00C04F79EFBC}") = "Flight.UnitTests", "Flight.UnitTests\Flight.UnitTests.csproj", "{985F7EAA-200C-43AE-8871-4553D431A31D}"
EndProject
Global
	GlobalSection(SolutionConfigurationPlatforms) = preSolution
		Debug|Any CPU = Debug|Any CPU
		Release|Any CPU = Release|Any CPU
	EndGlobalSection
	GlobalSection(ProjectConfigurationPlatforms) = postSolution
		{BE06A15D-25F8-4199-84E0-C27FA29D7B8F}.Debug|Any CPU.ActiveCfg = Debug|Any CPU
		{BE06A15D-25F8-4199-84E0-C27FA29D7B8F}.Debug|Any CPU.Build.0 = Debug|Any CPU
		{BE06A15D-25F8-4199-84E0-C27FA29D7B8F}.Release|Any CPU.ActiveCfg = Release|Any CPU
		{BE06A15D-25F8-4199-84E0-C27FA29D7B8F}.Release|Any CPU.Build.0 = Release|Any CPU
		{A08CBB6F-3E08-4104-B646-7F0817231980}.Debug|Any CPU.ActiveCfg = Debug|Any CPU
		{A08CBB6F-3E08-4104-B646-7F0817231980}.Debug|Any CPU.Build.0 = Debug|Any CPU
		{A08CBB6F-3E08-4104-B646-7F0817231980}.Release|Any CPU.ActiveCfg = Release|Any CPU
		{A08CBB6F-3E08-4104-B646-7F0817231980}.Release|Any CPU.Build.0 = Release|Any CPU
		{27134768-F962-4166-B423-5EFC78925735}.Debug|Any CPU.ActiveCfg = Debug|Any CPU
		{27134768-F962-4166-B423-5EFC78925735}.Debug|Any CPU.Build.0 = Debug|Any CPU
		{27134768-F962-4166-B423-5EFC78925735}.Release|Any CPU.ActiveCfg = Release|Any CPU
		{27134768-F962-4166-B423-5EFC78925735}.Release|Any CPU.Build.0 = Release|Any CPU
		{F3C51876-0FEE-4E21-ACEE-3E53BE806EF0}.Debug|Any CPU.ActiveCfg = Debug|Any CPU
		{F3C51876-0FEE-4E21-ACEE-3E53BE806EF0}.Debug|Any CPU.Build.0 = Debug|Any CPU
		{F3C51876-0FEE-4E21-ACEE-3E53BE806EF0}.Release|Any CPU.ActiveCfg = Release|Any CPU
		{F3C51876-0FEE-4E21-ACEE-3E53BE806EF0}.Release|Any CPU.Build.0 = Release|Any CPU
		{601AD577-D674-49D9-B6FF-744A887DB449}.Debug|Any CPU.ActiveCfg = Debug|Any CPU
		{601AD577-D674-49D9-B6FF-744A887DB449}.Debug|Any CPU.Build.0 = Debug|Any CPU
		{601AD577-D674-49D9-B6FF-744A887DB449}.Release|Any CPU.ActiveCfg = Release|Any CPU
		{601AD577-D674-49D9-B6FF-744A887DB449}.Release|Any CPU.Build.0 = Release|Any CPU
		{A7AFD6DB-905F-4CA4-8D0E-40DF5A31FB62}.Debug|Any CPU.ActiveCfg = Debug|Any CPU
		{A7AFD6DB-905F-4CA4-8D0E-40DF5A31FB62}.Debug|Any CPU.Build.0 = Debug|Any CPU
		{A7AFD6DB-905F-4CA4-8D0E-40DF5A31FB62}.Release|Any CPU.ActiveCfg = Release|Any CPU
		{A7AFD6DB-905F-4CA4-8D0E-40DF5A31FB62}.Release|Any CPU.Build.0 = Release|Any CPU
		{30B2BAED-D310-4A0B-A3A1-FE583149E07C}.Debug|Any CPU.ActiveCfg = Debug|Any CPU
		{30B2BAED-D310-4A0B-A3A1-FE583149E07C}.Debug|Any CPU.Build.0 = Debug|Any CPU
		{30B2BAED-D310-4A0B-A3A1-FE583149E07C}.Release|Any CPU.ActiveCfg = Release|Any CPU
		{30B2BAED-D310-4A0B-A3A1-FE583149E07C}.Release|Any CPU.Build.0 = Release|Any CPU
		{985F7EAA-200C-43AE-8871-4553D431A31D}.Debug|Any CPU.ActiveCfg = Debug|Any CPU
		{985F7EAA-200C-43AE-8871-4553D431A31D}.Debug|Any CPU.Build.0 = Debug|Any CPU
		{985F7EAA-200C-43AE-8871-4553D431A31D}.Release|Any CPU.ActiveCfg = Release|Any CPU
		{985F7EAA-200C-43AE-8871-4553D431A31D}.Release|Any CPU.Build.0 = Release|Any CPU
	EndGlobalSection
	GlobalSection(SolutionProperties) = preSolution
		HideSolutionNode = FALSE
	EndGlobalSection
	GlobalSection(ExtensibilityGlobals) = postSolution
		SolutionGuid = {58BE3C0D-E9F3-4E17-B0A8-ABC3548C54F0}
	EndGlobalSection
EndGlobal
