
Microsoft Visual Studio Solution File, Format Version 12.00
# Visual Studio Version 17
VisualStudioVersion = 17.0.31903.59
MinimumVisualStudioVersion = 10.0.40219.1
Project("{9A19103F-16F7-4668-BE54-9A1E7A4F7556}") = "Flight.Application", "Core\Flight.Application\Flight.Application.csproj", "{7CE75907-7962-41F6-9925-A005D46055FF}"
EndProject
Project("{9A19103F-16F7-4668-BE54-9A1E7A4F7556}") = "Flight.Domain", "Core\Flight.Domain\Flight.Domain.csproj", "{31D62F96-6A65-4EBA-860E-31D54EAB3681}"
EndProject
Project("{9A19103F-16F7-4668-BE54-9A1E7A4F7556}") = "Flight.Infrasctucture", "Infrastructure\Flight.Infrasctucture\Flight.Infrasctucture.csproj", "{4B4CC731-DBD2-4913-A4CB-053EC2CEDB50}"
EndProject
Project("{9A19103F-16F7-4668-BE54-9A1E7A4F7556}") = "Flight.Persistence", "Infrastructure\Flight.Persistence\Flight.Persistence.csproj", "{FA0B1253-98B0-41C1-BA35-2619ADE50392}"
EndProject
Project("{9A19103F-16F7-4668-BE54-9A1E7A4F7556}") = "Flight.API", "Presentation\Flight.API\Flight.API.csproj", "{D0C84D7A-EDC6-4DB6-9395-531EF17CB547}"
EndProject
Global
	GlobalSection(SolutionConfigurationPlatforms) = preSolution
		Debug|Any CPU = Debug|Any CPU
		Release|Any CPU = Release|Any CPU
	EndGlobalSection
	GlobalSection(ProjectConfigurationPlatforms) = postSolution
		{7CE75907-7962-41F6-9925-A005D46055FF}.Debug|Any CPU.ActiveCfg = Debug|Any CPU
		{7CE75907-7962-41F6-9925-A005D46055FF}.Debug|Any CPU.Build.0 = Debug|Any CPU
		{7CE75907-7962-41F6-9925-A005D46055FF}.Release|Any CPU.ActiveCfg = Release|Any CPU
		{7CE75907-7962-41F6-9925-A005D46055FF}.Release|Any CPU.Build.0 = Release|Any CPU
		{31D62F96-6A65-4EBA-860E-31D54EAB3681}.Debug|Any CPU.ActiveCfg = Debug|Any CPU
		{31D62F96-6A65-4EBA-860E-31D54EAB3681}.Debug|Any CPU.Build.0 = Debug|Any CPU
		{31D62F96-6A65-4EBA-860E-31D54EAB3681}.Release|Any CPU.ActiveCfg = Release|Any CPU
		{31D62F96-6A65-4EBA-860E-31D54EAB3681}.Release|Any CPU.Build.0 = Release|Any CPU
		{4B4CC731-DBD2-4913-A4CB-053EC2CEDB50}.Debug|Any CPU.ActiveCfg = Debug|Any CPU
		{4B4CC731-DBD2-4913-A4CB-053EC2CEDB50}.Debug|Any CPU.Build.0 = Debug|Any CPU
		{4B4CC731-DBD2-4913-A4CB-053EC2CEDB50}.Release|Any CPU.ActiveCfg = Release|Any CPU
		{4B4CC731-DBD2-4913-A4CB-053EC2CEDB50}.Release|Any CPU.Build.0 = Release|Any CPU
		{FA0B1253-98B0-41C1-BA35-2619ADE50392}.Debug|Any CPU.ActiveCfg = Debug|Any CPU
		{FA0B1253-98B0-41C1-BA35-2619ADE50392}.Debug|Any CPU.Build.0 = Debug|Any CPU
		{FA0B1253-98B0-41C1-BA35-2619ADE50392}.Release|Any CPU.ActiveCfg = Release|Any CPU
		{FA0B1253-98B0-41C1-BA35-2619ADE50392}.Release|Any CPU.Build.0 = Release|Any CPU
		{D0C84D7A-EDC6-4DB6-9395-531EF17CB547}.Debug|Any CPU.ActiveCfg = Debug|Any CPU
		{D0C84D7A-EDC6-4DB6-9395-531EF17CB547}.Debug|Any CPU.Build.0 = Debug|Any CPU
		{D0C84D7A-EDC6-4DB6-9395-531EF17CB547}.Release|Any CPU.ActiveCfg = Release|Any CPU
		{D0C84D7A-EDC6-4DB6-9395-531EF17CB547}.Release|Any CPU.Build.0 = Release|Any CPU
	EndGlobalSection
	GlobalSection(SolutionProperties) = preSolution
		HideSolutionNode = FALSE
	EndGlobalSection
EndGlobal
